{
  "name": "rescript-project-template",
  "version": "0.0.1",
  "lockfileVersion": 2,
  "requires": true,
  "packages": {
    "": {
      "version": "0.0.1",
      "license": "MIT",
      "dependencies": {
        "rescript": "*",
        "rescript-webapi": "^0.0.1"
      }
    },
    "node_modules/bs-fetch": {
      "version": "0.6.2",
      "resolved": "https://registry.npmjs.org/bs-fetch/-/bs-fetch-0.6.2.tgz",
      "integrity": "sha512-VXEjp8kY3vHPckaoy3d96Bx0KYjJAPLNISBwfpwMN26K6DtuZYwI2HKhx7zeHBajz1bRArfx7O8OOLcdtujMvg=="
    },
    "node_modules/rescript": {
      "version": "9.1.4",
      "resolved": "https://registry.npmjs.org/rescript/-/rescript-9.1.4.tgz",
      "integrity": "sha512-aXANK4IqecJzdnDpJUsU6pxMViCR5ogAxzuqS0mOr8TloMnzAjJFu63fjD6LCkWrKAhlMkFFzQvVQYaAaVkFXw==",
      "hasInstallScript": true,
      "bin": {
        "bsc": "bsc",
        "bsrefmt": "bsrefmt",
        "bstracing": "lib/bstracing",
        "rescript": "rescript"
      }
    },
    "node_modules/rescript-webapi": {
      "version": "0.0.1",
      "resolved": "https://registry.npmjs.org/rescript-webapi/-/rescript-webapi-0.0.1.tgz",
      "integrity": "sha512-LxETaGpjVvY/v6JdCXAR8CwAay/udAzp8LrankWXBbw8QoO7xnJIASR7eLqXiO3W76Ss/fiRnInBBIAhTwg/GA==",
      "dependencies": {
        "bs-fetch": "^0.6.2"
      }
    }
  },
  "dependencies": {
    "bs-fetch": {
      "version": "0.6.2",
      "resolved": "https://registry.npmjs.org/bs-fetch/-/bs-fetch-0.6.2.tgz",
      "integrity": "sha512-VXEjp8kY3vHPckaoy3d96Bx0KYjJAPLNISBwfpwMN26K6DtuZYwI2HKhx7zeHBajz1bRArfx7O8OOLcdtujMvg=="
    },
    "rescript": {
      "version": "9.1.4",
      "resolved": "https://registry.npmjs.org/rescript/-/rescript-9.1.4.tgz",
      "integrity": "sha512-aXANK4IqecJzdnDpJUsU6pxMViCR5ogAxzuqS0mOr8TloMnzAjJFu63fjD6LCkWrKAhlMkFFzQvVQYaAaVkFXw=="
    },
    "rescript-webapi": {
      "version": "0.0.1",
      "resolved": "https://registry.npmjs.org/rescript-webapi/-/rescript-webapi-0.0.1.tgz",
      "integrity": "sha512-LxETaGpjVvY/v6JdCXAR8CwAay/udAzp8LrankWXBbw8QoO7xnJIASR7eLqXiO3W76Ss/fiRnInBBIAhTwg/GA==",
      "requires": {
        "bs-fetch": "^0.6.2"
      }
    }
  }
}
